
Microsoft Visual Studio Solution File, Format Version 12.00
# Visual Studio 2012
Project("{6989167D-11E4-40FE-8C1A-2192A86A7E90}") = "gravity", "gravity\gravity.vfproj", "{F8ED09BC-4B95-4B15-8B7F-DF09EDB77F1B}"
EndProject
Global
	GlobalSection(SolutionConfigurationPlatforms) = preSolution
		Debug|Win32 = Debug|Win32
		Release|Win32 = Release|Win32
	EndGlobalSection
	GlobalSection(ProjectConfigurationPlatforms) = postSolution
		{F8ED09BC-4B95-4B15-8B7F-DF09EDB77F1B}.Debug|Win32.ActiveCfg = Debug|Win32
		{F8ED09BC-4B95-4B15-8B7F-DF09EDB77F1B}.Debug|Win32.Build.0 = Debug|Win32
		{F8ED09BC-4B95-4B15-8B7F-DF09EDB77F1B}.Release|Win32.ActiveCfg = Release|Win32
		{F8ED09BC-4B95-4B15-8B7F-DF09EDB77F1B}.Release|Win32.Build.0 = Release|Win32
	EndGlobalSection
	GlobalSection(SolutionProperties) = preSolution
		HideSolutionNode = FALSE
	EndGlobalSection
EndGlobal
